// !$*UTF8*$!
{
	archiveVersion = 1;
	classes = {
	};
	objectVersion = 51;
	objects = {

/* Begin PBXBuildFile section */
		33D0D9CC4CABB5534E695F1E /* Pods_flixsterTests.framework in Frameworks */ = {isa = PBXBuildFile; fileRef = FD945F49E94BD51284586227 /* Pods_flixsterTests.framework */; };
		83798A306185E084E1280D7E /* Pods_flixster.framework in Frameworks */ = {isa = PBXBuildFile; fileRef = CD91D80E5E3C20B2637F2906 /* Pods_flixster.framework */; };
		861A48412623943C0071D912 /* MovieDetailsViewController.swift in Sources */ = {isa = PBXBuildFile; fileRef = 861A48402623943C0071D912 /* MovieDetailsViewController.swift */; };
		8620D4D326267DFC0068656E /* MovieGridViewController.swift in Sources */ = {isa = PBXBuildFile; fileRef = 8620D4D226267DFC0068656E /* MovieGridViewController.swift */; };
		8620D4D8262683410068656E /* MovieGridCell.swift in Sources */ = {isa = PBXBuildFile; fileRef = 8620D4D7262683410068656E /* MovieGridCell.swift */; };
		86B574EE261CD61F002214B7 /* MovieCell.swift in Sources */ = {isa = PBXBuildFile; fileRef = 86B574ED261CD61F002214B7 /* MovieCell.swift */; };
		86CCD2E82612BE7E00347746 /* AppDelegate.swift in Sources */ = {isa = PBXBuildFile; fileRef = 86CCD2E72612BE7E00347746 /* AppDelegate.swift */; };
		86CCD2EA2612BE7E00347746 /* SceneDelegate.swift in Sources */ = {isa = PBXBuildFile; fileRef = 86CCD2E92612BE7E00347746 /* SceneDelegate.swift */; };
		86CCD2EF2612BE7E00347746 /* Main.storyboard in Resources */ = {isa = PBXBuildFile; fileRef = 86CCD2ED2612BE7E00347746 /* Main.storyboard */; };
		86CCD2F12612BE8100347746 /* Assets.xcassets in Resources */ = {isa = PBXBuildFile; fileRef = 86CCD2F02612BE8100347746 /* Assets.xcassets */; };
		86CCD2F42612BE8100347746 /* LaunchScreen.storyboard in Resources */ = {isa = PBXBuildFile; fileRef = 86CCD2F22612BE8100347746 /* LaunchScreen.storyboard */; };
		86CCD2FF2612BE8100347746 /* flixsterTests.swift in Sources */ = {isa = PBXBuildFile; fileRef = 86CCD2FE2612BE8100347746 /* flixsterTests.swift */; };
		86CCD30A2612BE8100347746 /* flixsterUITests.swift in Sources */ = {isa = PBXBuildFile; fileRef = 86CCD3092612BE8100347746 /* flixsterUITests.swift */; };
		86CCD31E2612C11D00347746 /* MoviesViewController.swift in Sources */ = {isa = PBXBuildFile; fileRef = 86CCD31D2612C11D00347746 /* MoviesViewController.swift */; };
		B395EB290BE7AD1D3C4A0EB0 /* Pods_flixster_flixsterUITests.framework in Frameworks */ = {isa = PBXBuildFile; fileRef = 6BC91AE385FD663A15052AE5 /* Pods_flixster_flixsterUITests.framework */; };
/* End PBXBuildFile section */

/* Begin PBXContainerItemProxy section */
		86CCD2FB2612BE8100347746 /* PBXContainerItemProxy */ = {
			isa = PBXContainerItemProxy;
			containerPortal = 86CCD2DC2612BE7D00347746 /* Project object */;
			proxyType = 1;
			remoteGlobalIDString = 86CCD2E32612BE7D00347746;
			remoteInfo = flixster;
		};
		86CCD3062612BE8100347746 /* PBXContainerItemProxy */ = {
			isa = PBXContainerItemProxy;
			containerPortal = 86CCD2DC2612BE7D00347746 /* Project object */;
			proxyType = 1;
			remoteGlobalIDString = 86CCD2E32612BE7D00347746;
			remoteInfo = flixster;
		};
/* End PBXContainerItemProxy section */

/* Begin PBXFileReference section */
		062960AF084AC96D96973A4D /* Pods-flixster-flixsterUITests.debug.xcconfig */ = {isa = PBXFileReference; includeInIndex = 1; lastKnownFileType = text.xcconfig; name = "Pods-flixster-flixsterUITests.debug.xcconfig"; path = "Target Support Files/Pods-flixster-flixsterUITests/Pods-flixster-flixsterUITests.debug.xcconfig"; sourceTree = "<group>"; };
		59384DB961D2D4F40CB5F369 /* Pods-flixsterTests.release.xcconfig */ = {isa = PBXFileReference; includeInIndex = 1; lastKnownFileType = text.xcconfig; name = "Pods-flixsterTests.release.xcconfig"; path = "Target Support Files/Pods-flixsterTests/Pods-flixsterTests.release.xcconfig"; sourceTree = "<group>"; };
		6BC91AE385FD663A15052AE5 /* Pods_flixster_flixsterUITests.framework */ = {isa = PBXFileReference; explicitFileType = wrapper.framework; includeInIndex = 0; path = Pods_flixster_flixsterUITests.framework; sourceTree = BUILT_PRODUCTS_DIR; };
		6CF8DE42D17470CF8E32BAC9 /* Pods-flixsterTests.debug.xcconfig */ = {isa = PBXFileReference; includeInIndex = 1; lastKnownFileType = text.xcconfig; name = "Pods-flixsterTests.debug.xcconfig"; path = "Target Support Files/Pods-flixsterTests/Pods-flixsterTests.debug.xcconfig"; sourceTree = "<group>"; };
		861A48402623943C0071D912 /* MovieDetailsViewController.swift */ = {isa = PBXFileReference; lastKnownFileType = sourcecode.swift; path = MovieDetailsViewController.swift; sourceTree = "<group>"; };
		8620D4D226267DFC0068656E /* MovieGridViewController.swift */ = {isa = PBXFileReference; lastKnownFileType = sourcecode.swift; path = MovieGridViewController.swift; sourceTree = "<group>"; };
		8620D4D7262683410068656E /* MovieGridCell.swift */ = {isa = PBXFileReference; lastKnownFileType = sourcecode.swift; path = MovieGridCell.swift; sourceTree = "<group>"; };
		86B574ED261CD61F002214B7 /* MovieCell.swift */ = {isa = PBXFileReference; lastKnownFileType = sourcecode.swift; path = MovieCell.swift; sourceTree = "<group>"; };
		86CCD2E42612BE7E00347746 /* flixster.app */ = {isa = PBXFileReference; explicitFileType = wrapper.application; includeInIndex = 0; path = flixster.app; sourceTree = BUILT_PRODUCTS_DIR; };
		86CCD2E72612BE7E00347746 /* AppDelegate.swift */ = {isa = PBXFileReference; lastKnownFileType = sourcecode.swift; path = AppDelegate.swift; sourceTree = "<group>"; };
		86CCD2E92612BE7E00347746 /* SceneDelegate.swift */ = {isa = PBXFileReference; lastKnownFileType = sourcecode.swift; path = SceneDelegate.swift; sourceTree = "<group>"; };
		86CCD2EE2612BE7E00347746 /* Base */ = {isa = PBXFileReference; lastKnownFileType = file.storyboard; name = Base; path = Base.lproj/Main.storyboard; sourceTree = "<group>"; };
		86CCD2F02612BE8100347746 /* Assets.xcassets */ = {isa = PBXFileReference; lastKnownFileType = folder.assetcatalog; path = Assets.xcassets; sourceTree = "<group>"; };
		86CCD2F32612BE8100347746 /* Base */ = {isa = PBXFileReference; lastKnownFileType = file.storyboard; name = Base; path = Base.lproj/LaunchScreen.storyboard; sourceTree = "<group>"; };
		86CCD2F52612BE8100347746 /* Info.plist */ = {isa = PBXFileReference; lastKnownFileType = text.plist.xml; path = Info.plist; sourceTree = "<group>"; };
		86CCD2FA2612BE8100347746 /* flixsterTests.xctest */ = {isa = PBXFileReference; explicitFileType = wrapper.cfbundle; includeInIndex = 0; path = flixsterTests.xctest; sourceTree = BUILT_PRODUCTS_DIR; };
		86CCD2FE2612BE8100347746 /* flixsterTests.swift */ = {isa = PBXFileReference; lastKnownFileType = sourcecode.swift; path = flixsterTests.swift; sourceTree = "<group>"; };
		86CCD3002612BE8100347746 /* Info.plist */ = {isa = PBXFileReference; lastKnownFileType = text.plist.xml; path = Info.plist; sourceTree = "<group>"; };
		86CCD3052612BE8100347746 /* flixsterUITests.xctest */ = {isa = PBXFileReference; explicitFileType = wrapper.cfbundle; includeInIndex = 0; path = flixsterUITests.xctest; sourceTree = BUILT_PRODUCTS_DIR; };
		86CCD3092612BE8100347746 /* flixsterUITests.swift */ = {isa = PBXFileReference; lastKnownFileType = sourcecode.swift; path = flixsterUITests.swift; sourceTree = "<group>"; };
		86CCD30B2612BE8100347746 /* Info.plist */ = {isa = PBXFileReference; lastKnownFileType = text.plist.xml; path = Info.plist; sourceTree = "<group>"; };
		86CCD31D2612C11D00347746 /* MoviesViewController.swift */ = {isa = PBXFileReference; lastKnownFileType = sourcecode.swift; path = MoviesViewController.swift; sourceTree = "<group>"; };
		A22C77AD1DBAA871B4223537 /* Pods-flixster.release.xcconfig */ = {isa = PBXFileReference; includeInIndex = 1; lastKnownFileType = text.xcconfig; name = "Pods-flixster.release.xcconfig"; path = "Target Support Files/Pods-flixster/Pods-flixster.release.xcconfig"; sourceTree = "<group>"; };
		C7A3DB2120B1049F86D8A66A /* Pods-flixster-flixsterUITests.release.xcconfig */ = {isa = PBXFileReference; includeInIndex = 1; lastKnownFileType = text.xcconfig; name = "Pods-flixster-flixsterUITests.release.xcconfig"; path = "Target Support Files/Pods-flixster-flixsterUITests/Pods-flixster-flixsterUITests.release.xcconfig"; sourceTree = "<group>"; };
		CD91D80E5E3C20B2637F2906 /* Pods_flixster.framework */ = {isa = PBXFileReference; explicitFileType = wrapper.framework; includeInIndex = 0; path = Pods_flixster.framework; sourceTree = BUILT_PRODUCTS_DIR; };
		E9D3FD0508DAC53D661DCE9E /* Pods-flixster.debug.xcconfig */ = {isa = PBXFileReference; includeInIndex = 1; lastKnownFileType = text.xcconfig; name = "Pods-flixster.debug.xcconfig"; path = "Target Support Files/Pods-flixster/Pods-flixster.debug.xcconfig"; sourceTree = "<group>"; };
		FD945F49E94BD51284586227 /* Pods_flixsterTests.framework */ = {isa = PBXFileReference; explicitFileType = wrapper.framework; includeInIndex = 0; path = Pods_flixsterTests.framework; sourceTree = BUILT_PRODUCTS_DIR; };
/* End PBXFileReference section */

/* Begin PBXFrameworksBuildPhase section */
		86CCD2E12612BE7D00347746 /* Frameworks */ = {
			isa = PBXFrameworksBuildPhase;
			buildActionMask = 2147483647;
			files = (
				83798A306185E084E1280D7E /* Pods_flixster.framework in Frameworks */,
			);
			runOnlyForDeploymentPostprocessing = 0;
		};
		86CCD2F72612BE8100347746 /* Frameworks */ = {
			isa = PBXFrameworksBuildPhase;
			buildActionMask = 2147483647;
			files = (
				33D0D9CC4CABB5534E695F1E /* Pods_flixsterTests.framework in Frameworks */,
			);
			runOnlyForDeploymentPostprocessing = 0;
		};
		86CCD3022612BE8100347746 /* Frameworks */ = {
			isa = PBXFrameworksBuildPhase;
			buildActionMask = 2147483647;
			files = (
				B395EB290BE7AD1D3C4A0EB0 /* Pods_flixster_flixsterUITests.framework in Frameworks */,
			);
			runOnlyForDeploymentPostprocessing = 0;
		};
/* End PBXFrameworksBuildPhase section */

/* Begin PBXGroup section */
		86CCD2DB2612BE7D00347746 = {
			isa = PBXGroup;
			children = (
				86CCD2E62612BE7E00347746 /* flixster */,
				86CCD2FD2612BE8100347746 /* flixsterTests */,
				86CCD3082612BE8100347746 /* flixsterUITests */,
				86CCD2E52612BE7E00347746 /* Products */,
				A6E5BABC10CC9D32B06BA438 /* Pods */,
				95CFE24826D257BE728184D8 /* Frameworks */,
			);
			sourceTree = "<group>";
		};
		86CCD2E52612BE7E00347746 /* Products */ = {
			isa = PBXGroup;
			children = (
				86CCD2E42612BE7E00347746 /* flixster.app */,
				86CCD2FA2612BE8100347746 /* flixsterTests.xctest */,
				86CCD3052612BE8100347746 /* flixsterUITests.xctest */,
			);
			name = Products;
			sourceTree = "<group>";
		};
		86CCD2E62612BE7E00347746 /* flixster */ = {
			isa = PBXGroup;
			children = (
				86CCD2E72612BE7E00347746 /* AppDelegate.swift */,
				86CCD2E92612BE7E00347746 /* SceneDelegate.swift */,
				86CCD2ED2612BE7E00347746 /* Main.storyboard */,
				86B574ED261CD61F002214B7 /* MovieCell.swift */,
				86CCD2F02612BE8100347746 /* Assets.xcassets */,
				86CCD2F22612BE8100347746 /* LaunchScreen.storyboard */,
				86CCD2F52612BE8100347746 /* Info.plist */,
				86CCD31D2612C11D00347746 /* MoviesViewController.swift */,
				861A48402623943C0071D912 /* MovieDetailsViewController.swift */,
				8620D4D226267DFC0068656E /* MovieGridViewController.swift */,
				8620D4D7262683410068656E /* MovieGridCell.swift */,
			);
			path = flixster;
			sourceTree = "<group>";
		};
		86CCD2FD2612BE8100347746 /* flixsterTests */ = {
			isa = PBXGroup;
			children = (
				86CCD2FE2612BE8100347746 /* flixsterTests.swift */,
				86CCD3002612BE8100347746 /* Info.plist */,
			);
			path = flixsterTests;
			sourceTree = "<group>";
		};
		86CCD3082612BE8100347746 /* flixsterUITests */ = {
			isa = PBXGroup;
			children = (
				86CCD3092612BE8100347746 /* flixsterUITests.swift */,
				86CCD30B2612BE8100347746 /* Info.plist */,
			);
			path = flixsterUITests;
			sourceTree = "<group>";
		};
		95CFE24826D257BE728184D8 /* Frameworks */ = {
			isa = PBXGroup;
			children = (
				CD91D80E5E3C20B2637F2906 /* Pods_flixster.framework */,
				6BC91AE385FD663A15052AE5 /* Pods_flixster_flixsterUITests.framework */,
				FD945F49E94BD51284586227 /* Pods_flixsterTests.framework */,
			);
			name = Frameworks;
			sourceTree = "<group>";
		};
		A6E5BABC10CC9D32B06BA438 /* Pods */ = {
			isa = PBXGroup;
			children = (
				E9D3FD0508DAC53D661DCE9E /* Pods-flixster.debug.xcconfig */,
				A22C77AD1DBAA871B4223537 /* Pods-flixster.release.xcconfig */,
				062960AF084AC96D96973A4D /* Pods-flixster-flixsterUITests.debug.xcconfig */,
				C7A3DB2120B1049F86D8A66A /* Pods-flixster-flixsterUITests.release.xcconfig */,
				6CF8DE42D17470CF8E32BAC9 /* Pods-flixsterTests.debug.xcconfig */,
				59384DB961D2D4F40CB5F369 /* Pods-flixsterTests.release.xcconfig */,
			);
			path = Pods;
			sourceTree = "<group>";
		};
/* End PBXGroup section */

/* Begin PBXNativeTarget section */
		86CCD2E32612BE7D00347746 /* flixster */ = {
			isa = PBXNativeTarget;
			buildConfigurationList = 86CCD30E2612BE8100347746 /* Build configuration list for PBXNativeTarget "flixster" */;
			buildPhases = (
				691EF84A819E9DF8FD3916CB /* [CP] Check Pods Manifest.lock */,
				86CCD2E02612BE7D00347746 /* Sources */,
				86CCD2E12612BE7D00347746 /* Frameworks */,
				86CCD2E22612BE7D00347746 /* Resources */,
				6CEF8EFE81D26EEFD7B16004 /* [CP] Embed Pods Frameworks */,
			);
			buildRules = (
			);
			dependencies = (
			);
			name = flixster;
			productName = flixster;
			productReference = 86CCD2E42612BE7E00347746 /* flixster.app */;
			productType = "com.apple.product-type.application";
		};
		86CCD2F92612BE8100347746 /* flixsterTests */ = {
			isa = PBXNativeTarget;
			buildConfigurationList = 86CCD3112612BE8100347746 /* Build configuration list for PBXNativeTarget "flixsterTests" */;
			buildPhases = (
				85FAD3587C44FAE9A8B75B15 /* [CP] Check Pods Manifest.lock */,
				86CCD2F62612BE8100347746 /* Sources */,
				86CCD2F72612BE8100347746 /* Frameworks */,
				86CCD2F82612BE8100347746 /* Resources */,
			);
			buildRules = (
			);
			dependencies = (
				86CCD2FC2612BE8100347746 /* PBXTargetDependency */,
			);
			name = flixsterTests;
			productName = flixsterTests;
			productReference = 86CCD2FA2612BE8100347746 /* flixsterTests.xctest */;
			productType = "com.apple.product-type.bundle.unit-test";
		};
		86CCD3042612BE8100347746 /* flixsterUITests */ = {
			isa = PBXNativeTarget;
			buildConfigurationList = 86CCD3142612BE8100347746 /* Build configuration list for PBXNativeTarget "flixsterUITests" */;
			buildPhases = (
				780CF11B64D7FBA36FAE0D80 /* [CP] Check Pods Manifest.lock */,
				86CCD3012612BE8100347746 /* Sources */,
				86CCD3022612BE8100347746 /* Frameworks */,
				86CCD3032612BE8100347746 /* Resources */,
				B4030C87444F283B38C009FB /* [CP] Embed Pods Frameworks */,
			);
			buildRules = (
			);
			dependencies = (
				86CCD3072612BE8100347746 /* PBXTargetDependency */,
			);
			name = flixsterUITests;
			productName = flixsterUITests;
			productReference = 86CCD3052612BE8100347746 /* flixsterUITests.xctest */;
			productType = "com.apple.product-type.bundle.ui-testing";
		};
/* End PBXNativeTarget section */

/* Begin PBXProject section */
		86CCD2DC2612BE7D00347746 /* Project object */ = {
			isa = PBXProject;
			attributes = {
				LastSwiftUpdateCheck = 1240;
				LastUpgradeCheck = 1240;
				TargetAttributes = {
					86CCD2E32612BE7D00347746 = {
						CreatedOnToolsVersion = 12.4;
					};
					86CCD2F92612BE8100347746 = {
						CreatedOnToolsVersion = 12.4;
						TestTargetID = 86CCD2E32612BE7D00347746;
					};
					86CCD3042612BE8100347746 = {
						CreatedOnToolsVersion = 12.4;
						TestTargetID = 86CCD2E32612BE7D00347746;
					};
				};
			};
			buildConfigurationList = 86CCD2DF2612BE7D00347746 /* Build configuration list for PBXProject "flixster" */;
			compatibilityVersion = "Xcode 9.3";
			developmentRegion = en;
			hasScannedForEncodings = 0;
			knownRegions = (
				en,
				Base,
			);
			mainGroup = 86CCD2DB2612BE7D00347746;
			productRefGroup = 86CCD2E52612BE7E00347746 /* Products */;
			projectDirPath = "";
			projectRoot = "";
			targets = (
				86CCD2E32612BE7D00347746 /* flixster */,
				86CCD2F92612BE8100347746 /* flixsterTests */,
				86CCD3042612BE8100347746 /* flixsterUITests */,
			);
		};
/* End PBXProject section */

/* Begin PBXResourcesBuildPhase section */
		86CCD2E22612BE7D00347746 /* Resources */ = {
			isa = PBXResourcesBuildPhase;
			buildActionMask = 2147483647;
			files = (
				86CCD2F42612BE8100347746 /* LaunchScreen.storyboard in Resources */,
				86CCD2F12612BE8100347746 /* Assets.xcassets in Resources */,
				86CCD2EF2612BE7E00347746 /* Main.storyboard in Resources */,
			);
			runOnlyForDeploymentPostprocessing = 0;
		};
		86CCD2F82612BE8100347746 /* Resources */ = {
			isa = PBXResourcesBuildPhase;
			buildActionMask = 2147483647;
			files = (
			);
			runOnlyForDeploymentPostprocessing = 0;
		};
		86CCD3032612BE8100347746 /* Resources */ = {
			isa = PBXResourcesBuildPhase;
			buildActionMask = 2147483647;
			files = (
			);
			runOnlyForDeploymentPostprocessing = 0;
		};
/* End PBXResourcesBuildPhase section */

/* Begin PBXShellScriptBuildPhase section */
		691EF84A819E9DF8FD3916CB /* [CP] Check Pods Manifest.lock */ = {
			isa = PBXShellScriptBuildPhase;
			buildActionMask = 2147483647;
			files = (
			);
			inputFileListPaths = (
			);
			inputPaths = (
				"${PODS_PODFILE_DIR_PATH}/Podfile.lock",
				"${PODS_ROOT}/Manifest.lock",
			);
			name = "[CP] Check Pods Manifest.lock";
			outputFileListPaths = (
			);
			outputPaths = (
				"$(DERIVED_FILE_DIR)/Pods-flixster-checkManifestLockResult.txt",
			);
			runOnlyForDeploymentPostprocessing = 0;
			shellPath = /bin/sh;
			shellScript = "diff \"${PODS_PODFILE_DIR_PATH}/Podfile.lock\" \"${PODS_ROOT}/Manifest.lock\" > /dev/null\nif [ $? != 0 ] ; then\n    # print error to STDERR\n    echo \"error: The sandbox is not in sync with the Podfile.lock. Run 'pod install' or update your CocoaPods installation.\" >&2\n    exit 1\nfi\n# This output is used by Xcode 'outputs' to avoid re-running this script phase.\necho \"SUCCESS\" > \"${SCRIPT_OUTPUT_FILE_0}\"\n";
			showEnvVarsInLog = 0;
		};
		6CEF8EFE81D26EEFD7B16004 /* [CP] Embed Pods Frameworks */ = {
			isa = PBXShellScriptBuildPhase;
			buildActionMask = 2147483647;
			files = (
			);
			inputFileListPaths = (
				"${PODS_ROOT}/Target Support Files/Pods-flixster/Pods-flixster-frameworks-${CONFIGURATION}-input-files.xcfilelist",
			);
			name = "[CP] Embed Pods Frameworks";
			outputFileListPaths = (
				"${PODS_ROOT}/Target Support Files/Pods-flixster/Pods-flixster-frameworks-${CONFIGURATION}-output-files.xcfilelist",
			);
			runOnlyForDeploymentPostprocessing = 0;
			shellPath = /bin/sh;
			shellScript = "\"${PODS_ROOT}/Target Support Files/Pods-flixster/Pods-flixster-frameworks.sh\"\n";
			showEnvVarsInLog = 0;
		};
		780CF11B64D7FBA36FAE0D80 /* [CP] Check Pods Manifest.lock */ = {
			isa = PBXShellScriptBuildPhase;
			buildActionMask = 2147483647;
			files = (
			);
			inputFileListPaths = (
			);
			inputPaths = (
				"${PODS_PODFILE_DIR_PATH}/Podfile.lock",
				"${PODS_ROOT}/Manifest.lock",
			);
			name = "[CP] Check Pods Manifest.lock";
			outputFileListPaths = (
			);
			outputPaths = (
				"$(DERIVED_FILE_DIR)/Pods-flixster-flixsterUITests-checkManifestLockResult.txt",
			);
			runOnlyForDeploymentPostprocessing = 0;
			shellPath = /bin/sh;
			shellScript = "diff \"${PODS_PODFILE_DIR_PATH}/Podfile.lock\" \"${PODS_ROOT}/Manifest.lock\" > /dev/null\nif [ $? != 0 ] ; then\n    # print error to STDERR\n    echo \"error: The sandbox is not in sync with the Podfile.lock. Run 'pod install' or update your CocoaPods installation.\" >&2\n    exit 1\nfi\n# This output is used by Xcode 'outputs' to avoid re-running this script phase.\necho \"SUCCESS\" > \"${SCRIPT_OUTPUT_FILE_0}\"\n";
			showEnvVarsInLog = 0;
		};
		85FAD3587C44FAE9A8B75B15 /* [CP] Check Pods Manifest.lock */ = {
			isa = PBXShellScriptBuildPhase;
			buildActionMask = 2147483647;
			files = (
			);
			inputFileListPaths = (
			);
			inputPaths = (
				"${PODS_PODFILE_DIR_PATH}/Podfile.lock",
				"${PODS_ROOT}/Manifest.lock",
			);
			name = "[CP] Check Pods Manifest.lock";
			outputFileListPaths = (
			);
			outputPaths = (
				"$(DERIVED_FILE_DIR)/Pods-flixsterTests-checkManifestLockResult.txt",
			);
			runOnlyForDeploymentPostprocessing = 0;
			shellPath = /bin/sh;
			shellScript = "diff \"${PODS_PODFILE_DIR_PATH}/Podfile.lock\" \"${PODS_ROOT}/Manifest.lock\" > /dev/null\nif [ $? != 0 ] ; then\n    # print error to STDERR\n    echo \"error: The sandbox is not in sync with the Podfile.lock. Run 'pod install' or update your CocoaPods installation.\" >&2\n    exit 1\nfi\n# This output is used by Xcode 'outputs' to avoid re-running this script phase.\necho \"SUCCESS\" > \"${SCRIPT_OUTPUT_FILE_0}\"\n";
			showEnvVarsInLog = 0;
		};
		B4030C87444F283B38C009FB /* [CP] Embed Pods Frameworks */ = {
			isa = PBXShellScriptBuildPhase;
			buildActionMask = 2147483647;
			files = (
			);
			inputFileListPaths = (
				"${PODS_ROOT}/Target Support Files/Pods-flixster-flixsterUITests/Pods-flixster-flixsterUITests-frameworks-${CONFIGURATION}-input-files.xcfilelist",
			);
			name = "[CP] Embed Pods Frameworks";
			outputFileListPaths = (
				"${PODS_ROOT}/Target Support Files/Pods-flixster-flixsterUITests/Pods-flixster-flixsterUITests-frameworks-${CONFIGURATION}-output-files.xcfilelist",
			);
			runOnlyForDeploymentPostprocessing = 0;
			shellPath = /bin/sh;
			shellScript = "\"${PODS_ROOT}/Target Support Files/Pods-flixster-flixsterUITests/Pods-flixster-flixsterUITests-frameworks.sh\"\n";
			showEnvVarsInLog = 0;
		};
/* End PBXShellScriptBuildPhase section */

/* Begin PBXSourcesBuildPhase section */
		86CCD2E02612BE7D00347746 /* Sources */ = {
			isa = PBXSourcesBuildPhase;
			buildActionMask = 2147483647;
			files = (
				861A48412623943C0071D912 /* MovieDetailsViewController.swift in Sources */,
				86CCD2E82612BE7E00347746 /* AppDelegate.swift in Sources */,
				86CCD2EA2612BE7E00347746 /* SceneDelegate.swift in Sources */,
				86B574EE261CD61F002214B7 /* MovieCell.swift in Sources */,
				86CCD31E2612C11D00347746 /* MoviesViewController.swift in Sources */,
				8620D4D326267DFC0068656E /* MovieGridViewController.swift in Sources */,
				8620D4D8262683410068656E /* MovieGridCell.swift in Sources */,
			);
			runOnlyForDeploymentPostprocessing = 0;
		};
		86CCD2F62612BE8100347746 /* Sources */ = {
			isa = PBXSourcesBuildPhase;
			buildActionMask = 2147483647;
			files = (
				86CCD2FF2612BE8100347746 /* flixsterTests.swift in Sources */,
			);
			runOnlyForDeploymentPostprocessing = 0;
		};
		86CCD3012612BE8100347746 /* Sources */ = {
			isa = PBXSourcesBuildPhase;
			buildActionMask = 2147483647;
			files = (
				86CCD30A2612BE8100347746 /* flixsterUITests.swift in Sources */,
			);
			runOnlyForDeploymentPostprocessing = 0;
		};
/* End PBXSourcesBuildPhase section */

/* Begin PBXTargetDependency section */
		86CCD2FC2612BE8100347746 /* PBXTargetDependency */ = {
			isa = PBXTargetDependency;
			target = 86CCD2E32612BE7D00347746 /* flixster */;
			targetProxy = 86CCD2FB2612BE8100347746 /* PBXContainerItemProxy */;
		};
		86CCD3072612BE8100347746 /* PBXTargetDependency */ = {
			isa = PBXTargetDependency;
			target = 86CCD2E32612BE7D00347746 /* flixster */;
			targetProxy = 86CCD3062612BE8100347746 /* PBXContainerItemProxy */;
		};
/* End PBXTargetDependency section */

/* Begin PBXVariantGroup section */
		86CCD2ED2612BE7E00347746 /* Main.storyboard */ = {
			isa = PBXVariantGroup;
			children = (
				86CCD2EE2612BE7E00347746 /* Base */,
			);
			name = Main.storyboard;
			sourceTree = "<group>";
		};
		86CCD2F22612BE8100347746 /* LaunchScreen.storyboard */ = {
			isa = PBXVariantGroup;
			children = (
				86CCD2F32612BE8100347746 /* Base */,
			);
			name = LaunchScreen.storyboard;
			sourceTree = "<group>";
		};
/* End PBXVariantGroup section */

/* Begin XCBuildConfiguration section */
		86CCD30C2612BE8100347746 /* Debug */ = {
			isa = XCBuildConfiguration;
			buildSettings = {
				ALWAYS_SEARCH_USER_PATHS = NO;
				CLANG_ANALYZER_NONNULL = YES;
				CLANG_ANALYZER_NUMBER_OBJECT_CONVERSION = YES_AGGRESSIVE;
				CLANG_CXX_LANGUAGE_STANDARD = "gnu++14";
				CLANG_CXX_LIBRARY = "libc++";
				CLANG_ENABLE_MODULES = YES;
				CLANG_ENABLE_OBJC_ARC = YES;
				CLANG_ENABLE_OBJC_WEAK = YES;
				CLANG_WARN_BLOCK_CAPTURE_AUTORELEASING = YES;
				CLANG_WARN_BOOL_CONVERSION = YES;
				CLANG_WARN_COMMA = YES;
				CLANG_WARN_CONSTANT_CONVERSION = YES;
				CLANG_WARN_DEPRECATED_OBJC_IMPLEMENTATIONS = YES;
				CLANG_WARN_DIRECT_OBJC_ISA_USAGE = YES_ERROR;
				CLANG_WARN_DOCUMENTATION_COMMENTS = YES;
				CLANG_WARN_EMPTY_BODY = YES;
				CLANG_WARN_ENUM_CONVERSION = YES;
				CLANG_WARN_INFINITE_RECURSION = YES;
				CLANG_WARN_INT_CONVERSION = YES;
				CLANG_WARN_NON_LITERAL_NULL_CONVERSION = YES;
				CLANG_WARN_OBJC_IMPLICIT_RETAIN_SELF = YES;
				CLANG_WARN_OBJC_LITERAL_CONVERSION = YES;
				CLANG_WARN_OBJC_ROOT_CLASS = YES_ERROR;
				CLANG_WARN_QUOTED_INCLUDE_IN_FRAMEWORK_HEADER = YES;
				CLANG_WARN_RANGE_LOOP_ANALYSIS = YES;
				CLANG_WARN_STRICT_PROTOTYPES = YES;
				CLANG_WARN_SUSPICIOUS_MOVE = YES;
				CLANG_WARN_UNGUARDED_AVAILABILITY = YES_AGGRESSIVE;
				CLANG_WARN_UNREACHABLE_CODE = YES;
				CLANG_WARN__DUPLICATE_METHOD_MATCH = YES;
				COPY_PHASE_STRIP = NO;
				DEBUG_INFORMATION_FORMAT = dwarf;
				ENABLE_STRICT_OBJC_MSGSEND = YES;
				ENABLE_TESTABILITY = YES;
				GCC_C_LANGUAGE_STANDARD = gnu11;
				GCC_DYNAMIC_NO_PIC = NO;
				GCC_NO_COMMON_BLOCKS = YES;
				GCC_OPTIMIZATION_LEVEL = 0;
				GCC_PREPROCESSOR_DEFINITIONS = (
					"DEBUG=1",
					"$(inherited)",
				);
				GCC_WARN_64_TO_32_BIT_CONVERSION = YES;
				GCC_WARN_ABOUT_RETURN_TYPE = YES_ERROR;
				GCC_WARN_UNDECLARED_SELECTOR = YES;
				GCC_WARN_UNINITIALIZED_AUTOS = YES_AGGRESSIVE;
				GCC_WARN_UNUSED_FUNCTION = YES;
				GCC_WARN_UNUSED_VARIABLE = YES;
				IPHONEOS_DEPLOYMENT_TARGET = 14.4;
				MTL_ENABLE_DEBUG_INFO = INCLUDE_SOURCE;
				MTL_FAST_MATH = YES;
				ONLY_ACTIVE_ARCH = YES;
				SDKROOT = iphoneos;
				SWIFT_ACTIVE_COMPILATION_CONDITIONS = DEBUG;
				SWIFT_OPTIMIZATION_LEVEL = "-Onone";
			};
			name = Debug;
		};
		86CCD30D2612BE8100347746 /* Release */ = {
			isa = XCBuildConfiguration;
			buildSettings = {
				ALWAYS_SEARCH_USER_PATHS = NO;
				CLANG_ANALYZER_NONNULL = YES;
				CLANG_ANALYZER_NUMBER_OBJECT_CONVERSION = YES_AGGRESSIVE;
				CLANG_CXX_LANGUAGE_STANDARD = "gnu++14";
				CLANG_CXX_LIBRARY = "libc++";
				CLANG_ENABLE_MODULES = YES;
				CLANG_ENABLE_OBJC_ARC = YES;
				CLANG_ENABLE_OBJC_WEAK = YES;
				CLANG_WARN_BLOCK_CAPTURE_AUTORELEASING = YES;
				CLANG_WARN_BOOL_CONVERSION = YES;
				CLANG_WARN_COMMA = YES;
				CLANG_WARN_CONSTANT_CONVERSION = YES;
				CLANG_WARN_DEPRECATED_OBJC_IMPLEMENTATIONS = YES;
				CLANG_WARN_DIRECT_OBJC_ISA_USAGE = YES_ERROR;
				CLANG_WARN_DOCUMENTATION_COMMENTS = YES;
				CLANG_WARN_EMPTY_BODY = YES;
				CLANG_WARN_ENUM_CONVERSION = YES;
				CLANG_WARN_INFINITE_RECURSION = YES;
				CLANG_WARN_INT_CONVERSION = YES;
				CLANG_WARN_NON_LITERAL_NULL_CONVERSION = YES;
				CLANG_WARN_OBJC_IMPLICIT_RETAIN_SELF = YES;
				CLANG_WARN_OBJC_LITERAL_CONVERSION = YES;
				CLANG_WARN_OBJC_ROOT_CLASS = YES_ERROR;
				CLANG_WARN_QUOTED_INCLUDE_IN_FRAMEWORK_HEADER = YES;
				CLANG_WARN_RANGE_LOOP_ANALYSIS = YES;
				CLANG_WARN_STRICT_PROTOTYPES = YES;
				CLANG_WARN_SUSPICIOUS_MOVE = YES;
				CLANG_WARN_UNGUARDED_AVAILABILITY = YES_AGGRESSIVE;
				CLANG_WARN_UNREACHABLE_CODE = YES;
				CLANG_WARN__DUPLICATE_METHOD_MATCH = YES;
				COPY_PHASE_STRIP = NO;
				DEBUG_INFORMATION_FORMAT = "dwarf-with-dsym";
				ENABLE_NS_ASSERTIONS = NO;
				ENABLE_STRICT_OBJC_MSGSEND = YES;
				GCC_C_LANGUAGE_STANDARD = gnu11;
				GCC_NO_COMMON_BLOCKS = YES;
				GCC_WARN_64_TO_32_BIT_CONVERSION = YES;
				GCC_WARN_ABOUT_RETURN_TYPE = YES_ERROR;
				GCC_WARN_UNDECLARED_SELECTOR = YES;
				GCC_WARN_UNINITIALIZED_AUTOS = YES_AGGRESSIVE;
				GCC_WARN_UNUSED_FUNCTION = YES;
				GCC_WARN_UNUSED_VARIABLE = YES;
				IPHONEOS_DEPLOYMENT_TARGET = 14.4;
				MTL_ENABLE_DEBUG_INFO = NO;
				MTL_FAST_MATH = YES;
				SDKROOT = iphoneos;
				SWIFT_COMPILATION_MODE = wholemodule;
				SWIFT_OPTIMIZATION_LEVEL = "-O";
				VALIDATE_PRODUCT = YES;
			};
			name = Release;
		};
		86CCD30F2612BE8100347746 /* Debug */ = {
			isa = XCBuildConfiguration;
			baseConfigurationReference = E9D3FD0508DAC53D661DCE9E /* Pods-flixster.debug.xcconfig */;
			buildSettings = {
				ASSETCATALOG_COMPILER_APPICON_NAME = AppIcon;
				ASSETCATALOG_COMPILER_GLOBAL_ACCENT_COLOR_NAME = AccentColor;
				CODE_SIGN_STYLE = Automatic;
				INFOPLIST_FILE = flixster/Info.plist;
				LD_RUNPATH_SEARCH_PATHS = (
					"$(inherited)",
					"@executable_path/Frameworks",
				);
				PRODUCT_BUNDLE_IDENTIFIER = sophiaallui.flixster;
				PRODUCT_NAME = "$(TARGET_NAME)";
				SWIFT_VERSION = 5.0;
				TARGETED_DEVICE_FAMILY = "1,2";
			};
			name = Debug;
		};
		86CCD3102612BE8100347746 /* Release */ = {
			isa = XCBuildConfiguration;
			baseConfigurationReference = A22C77AD1DBAA871B4223537 /* Pods-flixster.release.xcconfig */;
			buildSettings = {
				ASSETCATALOG_COMPILER_APPICON_NAME = AppIcon;
				ASSETCATALOG_COMPILER_GLOBAL_ACCENT_COLOR_NAME = AccentColor;
				CODE_SIGN_STYLE = Automatic;
				INFOPLIST_FILE = flixster/Info.plist;
				LD_RUNPATH_SEARCH_PATHS = (
					"$(inherited)",
					"@executable_path/Frameworks",
				);
				PRODUCT_BUNDLE_IDENTIFIER = sophiaallui.flixster;
				PRODUCT_NAME = "$(TARGET_NAME)";
				SWIFT_VERSION = 5.0;
				TARGETED_DEVICE_FAMILY = "1,2";
			};
			name = Release;
		};
		86CCD3122612BE8100347746 /* Debug */ = {
			isa = XCBuildConfiguration;
			baseConfigurationReference = 6CF8DE42D17470CF8E32BAC9 /* Pods-flixsterTests.debug.xcconfig */;
			buildSettings = {
				ALWAYS_EMBED_SWIFT_STANDARD_LIBRARIES = YES;
				BUNDLE_LOADER = "$(TEST_HOST)";
				CODE_SIGN_STYLE = Automatic;
				INFOPLIST_FILE = flixsterTests/Info.plist;
				IPHONEOS_DEPLOYMENT_TARGET = 14.4;
				LD_RUNPATH_SEARCH_PATHS = (
					"$(inherited)",
					"@executable_path/Frameworks",
					"@loader_path/Frameworks",
				);
				PRODUCT_BUNDLE_IDENTIFIER = sophiaallui.flixsterTests;
				PRODUCT_NAME = "$(TARGET_NAME)";
				SWIFT_VERSION = 5.0;
				TARGETED_DEVICE_FAMILY = "1,2";
				TEST_HOST = "$(BUILT_PRODUCTS_DIR)/flixster.app/flixster";
			};
			name = Debug;
		};
		86CCD3132612BE8100347746 /* Release */ = {
			isa = XCBuildConfiguration;
			baseConfigurationReference = 59384DB961D2D4F40CB5F369 /* Pods-flixsterTests.release.xcconfig */;
			buildSettings = {
				ALWAYS_EMBED_SWIFT_STANDARD_LIBRARIES = YES;
				BUNDLE_LOADER = "$(TEST_HOST)";
				CODE_SIGN_STYLE = Automatic;
				INFOPLIST_FILE = flixsterTests/Info.plist;
				IPHONEOS_DEPLOYMENT_TARGET = 14.4;
				LD_RUNPATH_SEARCH_PATHS = (
					"$(inherited)",
					"@executable_path/Frameworks",
					"@loader_path/Frameworks",
				);
				PRODUCT_BUNDLE_IDENTIFIER = sophiaallui.flixsterTests;
				PRODUCT_NAME = "$(TARGET_NAME)";
				SWIFT_VERSION = 5.0;
				TARGETED_DEVICE_FAMILY = "1,2";
				TEST_HOST = "$(BUILT_PRODUCTS_DIR)/flixster.app/flixster";
			};
			name = Release;
		};
		86CCD3152612BE8100347746 /* Debug */ = {
			isa = XCBuildConfiguration;
			baseConfigurationReference = 062960AF084AC96D96973A4D /* Pods-flixster-flixsterUITests.debug.xcconfig */;
			buildSettings = {
				ALWAYS_EMBED_SWIFT_STANDARD_LIBRARIES = YES;
				CODE_SIGN_STYLE = Automatic;
				INFOPLIST_FILE = flixsterUITests/Info.plist;
				LD_RUNPATH_SEARCH_PATHS = (
					"$(inherited)",
					"@executable_path/Frameworks",
					"@loader_path/Frameworks",
				);
				PRODUCT_BUNDLE_IDENTIFIER = sophiaallui.flixsterUITests;
				PRODUCT_NAME = "$(TARGET_NAME)";
				SWIFT_VERSION = 5.0;
				TARGETED_DEVICE_FAMILY = "1,2";
				TEST_TARGET_NAME = flixster;
			};
			name = Debug;
		};
		86CCD3162612BE8100347746 /* Release */ = {
			isa = XCBuildConfiguration;
			baseConfigurationReference = C7A3DB2120B1049F86D8A66A /* Pods-flixster-flixsterUITests.release.xcconfig */;
			buildSettings = {
				ALWAYS_EMBED_SWIFT_STANDARD_LIBRARIES = YES;
				CODE_SIGN_STYLE = Automatic;
				INFOPLIST_FILE = flixsterUITests/Info.plist;
				LD_RUNPATH_SEARCH_PATHS = (
					"$(inherited)",
					"@executable_path/Frameworks",
					"@loader_path/Frameworks",
				);
				PRODUCT_BUNDLE_IDENTIFIER = sophiaallui.flixsterUITests;
				PRODUCT_NAME = "$(TARGET_NAME)";
				SWIFT_VERSION = 5.0;
				TARGETED_DEVICE_FAMILY = "1,2";
				TEST_TARGET_NAME = flixster;
			};
			name = Release;
		};
/* End XCBuildConfiguration section */

/* Begin XCConfigurationList section */
		86CCD2DF2612BE7D00347746 /* Build configuration list for PBXProject "flixster" */ = {
			isa = XCConfigurationList;
			buildConfigurations = (
				86CCD30C2612BE8100347746 /* Debug */,
				86CCD30D2612BE8100347746 /* Release */,
			);
			defaultConfigurationIsVisible = 0;
			defaultConfigurationName = Release;
		};
		86CCD30E2612BE8100347746 /* Build configuration list for PBXNativeTarget "flixster" */ = {
			isa = XCConfigurationList;
			buildConfigurations = (
				86CCD30F2612BE8100347746 /* Debug */,
				86CCD3102612BE8100347746 /* Release */,
			);
			defaultConfigurationIsVisible = 0;
			defaultConfigurationName = Release;
		};
		86CCD3112612BE8100347746 /* Build configuration list for PBXNativeTarget "flixsterTests" */ = {
			isa = XCConfigurationList;
			buildConfigurations = (
				86CCD3122612BE8100347746 /* Debug */,
				86CCD3132612BE8100347746 /* Release */,
			);
			defaultConfigurationIsVisible = 0;
			defaultConfigurationName = Release;
		};
		86CCD3142612BE8100347746 /* Build configuration list for PBXNativeTarget "flixsterUITests" */ = {
			isa = XCConfigurationList;
			buildConfigurations = (
				86CCD3152612BE8100347746 /* Debug */,
				86CCD3162612BE8100347746 /* Release */,
			);
			defaultConfigurationIsVisible = 0;
			defaultConfigurationName = Release;
		};
/* End XCConfigurationList section */
	};
	rootObject = 86CCD2DC2612BE7D00347746 /* Project object */;
}
